{
  "object": {
    "pins": [
      {
        "package": "CryptoSwift",
        "repositoryURL": "https://github.com/krzyzanowskim/CryptoSwift.git",
        "state": {
          "branch": null,
          "revision": "3a2acbb32ab68215ee1596ee6004da8e90c3721b",
          "version": "1.0.0"
        }
      },
      {
        "package": "SwiftSoup",
        "repositoryURL": "https://github.com/scinfu/SwiftSoup.git",
        "state": {
          "branch": null,
          "revision": "a2b316e9574c6904e08995290a975cb16693ac24",
          "version": "2.2.0"
        }
      }
    ]
  },
  "version": 1
}
